
Microsoft Visual Studio Solution File, Format Version 12.00
# Visual Studio 2012
Project("{FAE04EC0-301F-11D3-BF4B-00C04F79EFBC}") = "KSP-Real-Asteroids", "KSP-Real-Asteroids\KSP-Real-Asteroids.csproj", "{137F1801-56EC-43C5-935B-35779B3EAFAD}"
EndProject
Global
	GlobalSection(SolutionConfigurationPlatforms) = preSolution
		Debug|Any CPU = Debug|Any CPU
		Release|Any CPU = Release|Any CPU
	EndGlobalSection
	GlobalSection(ProjectConfigurationPlatforms) = postSolution
		{137F1801-56EC-43C5-935B-35779B3EAFAD}.Debug|Any CPU.ActiveCfg = Debug|Any CPU
		{137F1801-56EC-43C5-935B-35779B3EAFAD}.Debug|Any CPU.Build.0 = Debug|Any CPU
		{137F1801-56EC-43C5-935B-35779B3EAFAD}.Release|Any CPU.ActiveCfg = Release|Any CPU
		{137F1801-56EC-43C5-935B-35779B3EAFAD}.Release|Any CPU.Build.0 = Release|Any CPU
	EndGlobalSection
EndGlobal
